
Microsoft Visual Studio Solution File, Format Version 12.00
# Visual Studio 2013
VisualStudioVersion = 12.0.31101.0
MinimumVisualStudioVersion = 10.0.40219.1
Project("{FAE04EC0-301F-11D3-BF4B-00C04F79EFBC}") = "XigniteAnalysts.Api", "XigniteAnalysts.Api\XigniteAnalysts.Api.csproj", "{EC178106-2E79-4C7B-80F7-2A4E4A2E065B}"
EndProject
Project("{FAE04EC0-301F-11D3-BF4B-00C04F79EFBC}") = "XigniteAnalysts.Infrastructure", "XigniteAnalysts.Infrastructure\XigniteAnalysts.Infrastructure.csproj", "{CB1FBABA-DA04-4819-869C-53DA1DE254CB}"
EndProject
Project("{FAE04EC0-301F-11D3-BF4B-00C04F79EFBC}") = "XigniteAnalysts.Web", "XigniteAnalysts.Web\XigniteAnalysts.Web.csproj", "{48939478-BE8F-496F-9DDE-FBD8D20F46B5}"
EndProject
Global
	GlobalSection(SolutionConfigurationPlatforms) = preSolution
		Debug|Any CPU = Debug|Any CPU
		Release|Any CPU = Release|Any CPU
	EndGlobalSection
	GlobalSection(ProjectConfigurationPlatforms) = postSolution
		{EC178106-2E79-4C7B-80F7-2A4E4A2E065B}.Debug|Any CPU.ActiveCfg = Debug|Any CPU
		{EC178106-2E79-4C7B-80F7-2A4E4A2E065B}.Debug|Any CPU.Build.0 = Debug|Any CPU
		{EC178106-2E79-4C7B-80F7-2A4E4A2E065B}.Release|Any CPU.ActiveCfg = Release|Any CPU
		{EC178106-2E79-4C7B-80F7-2A4E4A2E065B}.Release|Any CPU.Build.0 = Release|Any CPU
		{CB1FBABA-DA04-4819-869C-53DA1DE254CB}.Debug|Any CPU.ActiveCfg = Debug|Any CPU
		{CB1FBABA-DA04-4819-869C-53DA1DE254CB}.Debug|Any CPU.Build.0 = Debug|Any CPU
		{CB1FBABA-DA04-4819-869C-53DA1DE254CB}.Release|Any CPU.ActiveCfg = Release|Any CPU
		{CB1FBABA-DA04-4819-869C-53DA1DE254CB}.Release|Any CPU.Build.0 = Release|Any CPU
		{48939478-BE8F-496F-9DDE-FBD8D20F46B5}.Debug|Any CPU.ActiveCfg = Debug|Any CPU
		{48939478-BE8F-496F-9DDE-FBD8D20F46B5}.Debug|Any CPU.Build.0 = Debug|Any CPU
		{48939478-BE8F-496F-9DDE-FBD8D20F46B5}.Release|Any CPU.ActiveCfg = Release|Any CPU
		{48939478-BE8F-496F-9DDE-FBD8D20F46B5}.Release|Any CPU.Build.0 = Release|Any CPU
	EndGlobalSection
	GlobalSection(SolutionProperties) = preSolution
		HideSolutionNode = FALSE
	EndGlobalSection
EndGlobal
